
Microsoft Visual Studio Solution File, Format Version 12.00
# Visual Studio 2013
VisualStudioVersion = 12.0.31101.0
MinimumVisualStudioVersion = 10.0.40219.1
Project("{FAE04EC0-301F-11D3-BF4B-00C04F79EFBC}") = "MenuWcfRestService", "MenuWcfRestService\MenuWcfRestService.csproj", "{88F4EB47-B96E-4433-B8D2-6BC0987ADF5C}"
EndProject
Project("{FAE04EC0-301F-11D3-BF4B-00C04F79EFBC}") = "Restaurant", "Restaurant\Restaurant.csproj", "{E234DD0A-ECD2-40F0-A213-3ED1E8513D00}"
EndProject
Project("{FAE04EC0-301F-11D3-BF4B-00C04F79EFBC}") = "RestaurantSite", "RestaurantSite\RestaurantSite.csproj", "{DA2ACCDC-A2CC-4008-97F8-8FF740D60C40}"
EndProject
Global
	GlobalSection(SolutionConfigurationPlatforms) = preSolution
		Debug|Any CPU = Debug|Any CPU
		Release|Any CPU = Release|Any CPU
	EndGlobalSection
	GlobalSection(ProjectConfigurationPlatforms) = postSolution
		{88F4EB47-B96E-4433-B8D2-6BC0987ADF5C}.Debug|Any CPU.ActiveCfg = Debug|Any CPU
		{88F4EB47-B96E-4433-B8D2-6BC0987ADF5C}.Debug|Any CPU.Build.0 = Debug|Any CPU
		{88F4EB47-B96E-4433-B8D2-6BC0987ADF5C}.Release|Any CPU.ActiveCfg = Release|Any CPU
		{88F4EB47-B96E-4433-B8D2-6BC0987ADF5C}.Release|Any CPU.Build.0 = Release|Any CPU
		{E234DD0A-ECD2-40F0-A213-3ED1E8513D00}.Debug|Any CPU.ActiveCfg = Debug|Any CPU
		{E234DD0A-ECD2-40F0-A213-3ED1E8513D00}.Debug|Any CPU.Build.0 = Debug|Any CPU
		{E234DD0A-ECD2-40F0-A213-3ED1E8513D00}.Release|Any CPU.ActiveCfg = Release|Any CPU
		{E234DD0A-ECD2-40F0-A213-3ED1E8513D00}.Release|Any CPU.Build.0 = Release|Any CPU
		{DA2ACCDC-A2CC-4008-97F8-8FF740D60C40}.Debug|Any CPU.ActiveCfg = Debug|Any CPU
		{DA2ACCDC-A2CC-4008-97F8-8FF740D60C40}.Debug|Any CPU.Build.0 = Debug|Any CPU
		{DA2ACCDC-A2CC-4008-97F8-8FF740D60C40}.Release|Any CPU.ActiveCfg = Release|Any CPU
		{DA2ACCDC-A2CC-4008-97F8-8FF740D60C40}.Release|Any CPU.Build.0 = Release|Any CPU
	EndGlobalSection
	GlobalSection(SolutionProperties) = preSolution
		HideSolutionNode = FALSE
	EndGlobalSection
EndGlobal
